
Microsoft Visual Studio Solution File, Format Version 11.00
# Visual Studio 2010
Project("{FAE04EC0-301F-11D3-BF4B-00C04F79EFBC}") = "Assembly-CSharp", "Assembly-CSharp.csproj", "{10ac3274-e35a-aa6c-41f3-d682071c7c69}"
EndProject
Global
	GlobalSection(SolutionConfigurationPlatforms) = preSolution
		Debug|Any CPU = Debug|Any CPU
		Release|Any CPU = Release|Any CPU
	EndGlobalSection
	GlobalSection(ProjectConfigurationPlatforms) = postSolution
		{10ac3274-e35a-aa6c-41f3-d682071c7c69}.Debug|Any CPU.ActiveCfg = Debug|Any CPU
		{10ac3274-e35a-aa6c-41f3-d682071c7c69}.Debug|Any CPU.Build.0 = Debug|Any CPU
		{10ac3274-e35a-aa6c-41f3-d682071c7c69}.Release|Any CPU.ActiveCfg = Release|Any CPU
		{10ac3274-e35a-aa6c-41f3-d682071c7c69}.Release|Any CPU.Build.0 = Release|Any CPU
	EndGlobalSection
	GlobalSection(SolutionProperties) = preSolution
		HideSolutionNode = FALSE
	EndGlobalSection
EndGlobal
