
Microsoft Visual Studio Solution File, Format Version 11.00
# Visual Studio 2010
Project("{FAE04EC0-301F-11D3-BF4B-00C04F79EFBC}") = "Assembly-CSharp", "Assembly-CSharp.csproj", "{30d333fb-9864-e30b-ed75-fe2c8c944a83}"
EndProject
Global
	GlobalSection(SolutionConfigurationPlatforms) = preSolution
		Debug|Any CPU = Debug|Any CPU
		Release|Any CPU = Release|Any CPU
	EndGlobalSection
	GlobalSection(ProjectConfigurationPlatforms) = postSolution
		{30d333fb-9864-e30b-ed75-fe2c8c944a83}.Debug|Any CPU.ActiveCfg = Debug|Any CPU
		{30d333fb-9864-e30b-ed75-fe2c8c944a83}.Debug|Any CPU.Build.0 = Debug|Any CPU
		{30d333fb-9864-e30b-ed75-fe2c8c944a83}.Release|Any CPU.ActiveCfg = Release|Any CPU
		{30d333fb-9864-e30b-ed75-fe2c8c944a83}.Release|Any CPU.Build.0 = Release|Any CPU
	EndGlobalSection
	GlobalSection(SolutionProperties) = preSolution
		HideSolutionNode = FALSE
	EndGlobalSection
EndGlobal
